
Microsoft Visual Studio Solution File, Format Version 12.00
# Visual Studio Version 17
VisualStudioVersion = 17.10.35013.160
MinimumVisualStudioVersion = 10.0.40219.1
Project("{2150E333-8FDC-42A3-9474-1A3956D46DE8}") = "Services", "Services", "{7EBAED21-73D3-4D91-99C7-95BC9CCEB6EC}"
EndProject
Project("{2150E333-8FDC-42A3-9474-1A3956D46DE8}") = "BuildingBlocks", "BuildingBlocks", "{EF1B3337-1397-4112-A118-76EA0D42859A}"
EndProject
Project("{2150E333-8FDC-42A3-9474-1A3956D46DE8}") = "Catalog", "Catalog", "{885067DF-BD9E-4889-A78D-8751F63009E9}"
EndProject
Project("{9A19103F-16F7-4668-BE54-9A1E7A4F7556}") = "CatalogApi", "Services\CatalogApi\CatalogApi.csproj", "{8EDAA758-D097-40A5-B396-CDD53961863C}"
EndProject
Project("{E53339B2-1760-4266-BCC7-CA923CBCF16C}") = "docker-compose", "docker-compose.dcproj", "{2BE126A9-AF1C-4711-9104-39A216B53CC5}"
EndProject
Project("{2150E333-8FDC-42A3-9474-1A3956D46DE8}") = "Basket", "Basket", "{D1C3D973-B94C-41A4-91A2-5DC67473CAC4}"
EndProject
Project("{9A19103F-16F7-4668-BE54-9A1E7A4F7556}") = "BasketApi", "Services\Basket\BasketApi\BasketApi.csproj", "{680149B4-DDE5-4B30-A8FD-300BBC2986CA}"
EndProject
Project("{2150E333-8FDC-42A3-9474-1A3956D46DE8}") = "Discount", "Discount", "{A2367950-8736-435A-8E3A-D105DEF58F0F}"
EndProject
Project("{9A19103F-16F7-4668-BE54-9A1E7A4F7556}") = "DiscountGrpc", "Services\Discount\DiscountGrpc\DiscountGrpc.csproj", "{CAE15CC2-4685-44BA-B405-2AFAB1BE7345}"
EndProject
Project("{2150E333-8FDC-42A3-9474-1A3956D46DE8}") = "Ordering", "Ordering", "{F1C5001B-6754-4880-880A-9CC2E92EE5FF}"
EndProject
Project("{9A19103F-16F7-4668-BE54-9A1E7A4F7556}") = "Ordering.Domain", "Services\Ordering\Ordering.Domain\Ordering.Domain.csproj", "{D8E5BF25-676C-4477-A7D5-BA81DB5CEB35}"
EndProject
Project("{9A19103F-16F7-4668-BE54-9A1E7A4F7556}") = "Ordering.Application", "Services\Ordering\Ordering.Application\Ordering.Application.csproj", "{E96E0589-2400-4348-A742-55D4AB0751C3}"
EndProject
Project("{9A19103F-16F7-4668-BE54-9A1E7A4F7556}") = "Ordering.Infrastructure", "Services\Ordering\Ordering.Infrastructure\Ordering.Infrastructure.csproj", "{964C4CD1-8AF2-431E-8197-4CE641CD4A68}"
EndProject
Project("{9A19103F-16F7-4668-BE54-9A1E7A4F7556}") = "Ordering.Api", "Services\Ordering\Ordering.Api\Ordering.Api.csproj", "{E4E58AEC-3C2A-4C10-96C7-EA9F9ACB9042}"
EndProject
Project("{9A19103F-16F7-4668-BE54-9A1E7A4F7556}") = "BuildingBlocks", "BuildingBlocks\BuildingBlocks\BuildingBlocks.csproj", "{792E9BEC-7451-4210-AB43-0089BE10235A}"
EndProject
Project("{9A19103F-16F7-4668-BE54-9A1E7A4F7556}") = "BuildingBlocks.Messaging", "BuildingBlocks\BuildingBlocks.Messaging\BuildingBlocks.Messaging.csproj", "{F4EC4C54-EFEB-4F7F-9ADB-2576EA5DE50B}"
EndProject
Project("{2150E333-8FDC-42A3-9474-1A3956D46DE8}") = "ApiGateways", "ApiGateways", "{57887DA8-AE8E-4B49-B093-F5251265A42C}"
EndProject
Project("{FAE04EC0-301F-11D3-BF4B-00C04F79EFBC}") = "YarpApiGateway", "ApiGateways\YarpApiGateways\YarpApiGateway.csproj", "{69C61F90-DA8E-4EE6-86C1-72C179AE491B}"
EndProject
Global
	GlobalSection(SolutionConfigurationPlatforms) = preSolution
		Debug|Any CPU = Debug|Any CPU
		Release|Any CPU = Release|Any CPU
	EndGlobalSection
	GlobalSection(ProjectConfigurationPlatforms) = postSolution
		{8EDAA758-D097-40A5-B396-CDD53961863C}.Debug|Any CPU.ActiveCfg = Debug|Any CPU
		{8EDAA758-D097-40A5-B396-CDD53961863C}.Debug|Any CPU.Build.0 = Debug|Any CPU
		{8EDAA758-D097-40A5-B396-CDD53961863C}.Release|Any CPU.ActiveCfg = Release|Any CPU
		{8EDAA758-D097-40A5-B396-CDD53961863C}.Release|Any CPU.Build.0 = Release|Any CPU
		{2BE126A9-AF1C-4711-9104-39A216B53CC5}.Debug|Any CPU.ActiveCfg = Debug|Any CPU
		{2BE126A9-AF1C-4711-9104-39A216B53CC5}.Debug|Any CPU.Build.0 = Debug|Any CPU
		{2BE126A9-AF1C-4711-9104-39A216B53CC5}.Release|Any CPU.ActiveCfg = Release|Any CPU
		{2BE126A9-AF1C-4711-9104-39A216B53CC5}.Release|Any CPU.Build.0 = Release|Any CPU
		{680149B4-DDE5-4B30-A8FD-300BBC2986CA}.Debug|Any CPU.ActiveCfg = Debug|Any CPU
		{680149B4-DDE5-4B30-A8FD-300BBC2986CA}.Debug|Any CPU.Build.0 = Debug|Any CPU
		{680149B4-DDE5-4B30-A8FD-300BBC2986CA}.Release|Any CPU.ActiveCfg = Release|Any CPU
		{680149B4-DDE5-4B30-A8FD-300BBC2986CA}.Release|Any CPU.Build.0 = Release|Any CPU
		{CAE15CC2-4685-44BA-B405-2AFAB1BE7345}.Debug|Any CPU.ActiveCfg = Debug|Any CPU
		{CAE15CC2-4685-44BA-B405-2AFAB1BE7345}.Debug|Any CPU.Build.0 = Debug|Any CPU
		{CAE15CC2-4685-44BA-B405-2AFAB1BE7345}.Release|Any CPU.ActiveCfg = Release|Any CPU
		{CAE15CC2-4685-44BA-B405-2AFAB1BE7345}.Release|Any CPU.Build.0 = Release|Any CPU
		{D8E5BF25-676C-4477-A7D5-BA81DB5CEB35}.Debug|Any CPU.ActiveCfg = Debug|Any CPU
		{D8E5BF25-676C-4477-A7D5-BA81DB5CEB35}.Debug|Any CPU.Build.0 = Debug|Any CPU
		{D8E5BF25-676C-4477-A7D5-BA81DB5CEB35}.Release|Any CPU.ActiveCfg = Release|Any CPU
		{D8E5BF25-676C-4477-A7D5-BA81DB5CEB35}.Release|Any CPU.Build.0 = Release|Any CPU
		{E96E0589-2400-4348-A742-55D4AB0751C3}.Debug|Any CPU.ActiveCfg = Debug|Any CPU
		{E96E0589-2400-4348-A742-55D4AB0751C3}.Debug|Any CPU.Build.0 = Debug|Any CPU
		{E96E0589-2400-4348-A742-55D4AB0751C3}.Release|Any CPU.ActiveCfg = Release|Any CPU
		{E96E0589-2400-4348-A742-55D4AB0751C3}.Release|Any CPU.Build.0 = Release|Any CPU
		{964C4CD1-8AF2-431E-8197-4CE641CD4A68}.Debug|Any CPU.ActiveCfg = Debug|Any CPU
		{964C4CD1-8AF2-431E-8197-4CE641CD4A68}.Debug|Any CPU.Build.0 = Debug|Any CPU
		{964C4CD1-8AF2-431E-8197-4CE641CD4A68}.Release|Any CPU.ActiveCfg = Release|Any CPU
		{964C4CD1-8AF2-431E-8197-4CE641CD4A68}.Release|Any CPU.Build.0 = Release|Any CPU
		{E4E58AEC-3C2A-4C10-96C7-EA9F9ACB9042}.Debug|Any CPU.ActiveCfg = Debug|Any CPU
		{E4E58AEC-3C2A-4C10-96C7-EA9F9ACB9042}.Debug|Any CPU.Build.0 = Debug|Any CPU
		{E4E58AEC-3C2A-4C10-96C7-EA9F9ACB9042}.Release|Any CPU.ActiveCfg = Release|Any CPU
		{E4E58AEC-3C2A-4C10-96C7-EA9F9ACB9042}.Release|Any CPU.Build.0 = Release|Any CPU
		{792E9BEC-7451-4210-AB43-0089BE10235A}.Debug|Any CPU.ActiveCfg = Debug|Any CPU
		{792E9BEC-7451-4210-AB43-0089BE10235A}.Debug|Any CPU.Build.0 = Debug|Any CPU
		{792E9BEC-7451-4210-AB43-0089BE10235A}.Release|Any CPU.ActiveCfg = Release|Any CPU
		{792E9BEC-7451-4210-AB43-0089BE10235A}.Release|Any CPU.Build.0 = Release|Any CPU
		{F4EC4C54-EFEB-4F7F-9ADB-2576EA5DE50B}.Debug|Any CPU.ActiveCfg = Debug|Any CPU
		{F4EC4C54-EFEB-4F7F-9ADB-2576EA5DE50B}.Debug|Any CPU.Build.0 = Debug|Any CPU
		{F4EC4C54-EFEB-4F7F-9ADB-2576EA5DE50B}.Release|Any CPU.ActiveCfg = Release|Any CPU
		{F4EC4C54-EFEB-4F7F-9ADB-2576EA5DE50B}.Release|Any CPU.Build.0 = Release|Any CPU
		{69C61F90-DA8E-4EE6-86C1-72C179AE491B}.Debug|Any CPU.ActiveCfg = Debug|Any CPU
		{69C61F90-DA8E-4EE6-86C1-72C179AE491B}.Debug|Any CPU.Build.0 = Debug|Any CPU
		{69C61F90-DA8E-4EE6-86C1-72C179AE491B}.Release|Any CPU.ActiveCfg = Release|Any CPU
		{69C61F90-DA8E-4EE6-86C1-72C179AE491B}.Release|Any CPU.Build.0 = Release|Any CPU
	EndGlobalSection
	GlobalSection(SolutionProperties) = preSolution
		HideSolutionNode = FALSE
	EndGlobalSection
	GlobalSection(NestedProjects) = preSolution
		{885067DF-BD9E-4889-A78D-8751F63009E9} = {7EBAED21-73D3-4D91-99C7-95BC9CCEB6EC}
		{8EDAA758-D097-40A5-B396-CDD53961863C} = {885067DF-BD9E-4889-A78D-8751F63009E9}
		{D1C3D973-B94C-41A4-91A2-5DC67473CAC4} = {7EBAED21-73D3-4D91-99C7-95BC9CCEB6EC}
		{680149B4-DDE5-4B30-A8FD-300BBC2986CA} = {D1C3D973-B94C-41A4-91A2-5DC67473CAC4}
		{A2367950-8736-435A-8E3A-D105DEF58F0F} = {7EBAED21-73D3-4D91-99C7-95BC9CCEB6EC}
		{CAE15CC2-4685-44BA-B405-2AFAB1BE7345} = {A2367950-8736-435A-8E3A-D105DEF58F0F}
		{F1C5001B-6754-4880-880A-9CC2E92EE5FF} = {7EBAED21-73D3-4D91-99C7-95BC9CCEB6EC}
		{D8E5BF25-676C-4477-A7D5-BA81DB5CEB35} = {F1C5001B-6754-4880-880A-9CC2E92EE5FF}
		{E96E0589-2400-4348-A742-55D4AB0751C3} = {F1C5001B-6754-4880-880A-9CC2E92EE5FF}
		{964C4CD1-8AF2-431E-8197-4CE641CD4A68} = {F1C5001B-6754-4880-880A-9CC2E92EE5FF}
		{E4E58AEC-3C2A-4C10-96C7-EA9F9ACB9042} = {F1C5001B-6754-4880-880A-9CC2E92EE5FF}
		{792E9BEC-7451-4210-AB43-0089BE10235A} = {EF1B3337-1397-4112-A118-76EA0D42859A}
		{F4EC4C54-EFEB-4F7F-9ADB-2576EA5DE50B} = {EF1B3337-1397-4112-A118-76EA0D42859A}
		{69C61F90-DA8E-4EE6-86C1-72C179AE491B} = {57887DA8-AE8E-4B49-B093-F5251265A42C}
	EndGlobalSection
	GlobalSection(ExtensibilityGlobals) = postSolution
		SolutionGuid = {07778CBF-6E7F-409E-98BD-3F057294BAD0}
	EndGlobalSection
EndGlobal
